// !$*UTF8*$!
{
	archiveVersion = 1;
	classes = {
	};
	objectVersion = 46;
	objects = {

/* Begin PBXBuildFile section */
		2FE3AE611CCF671F0065AFA0 /* main.m in Sources */ = {isa = PBXBuildFile; fileRef = 2FE3AE601CCF671F0065AFA0 /* main.m */; };
		2FE3AE641CCF671F0065AFA0 /* AppDelegate.m in Sources */ = {isa = PBXBuildFile; fileRef = 2FE3AE631CCF671F0065AFA0 /* AppDelegate.m */; };
		2FE3AE671CCF671F0065AFA0 /* ViewController.m in Sources */ = {isa = PBXBuildFile; fileRef = 2FE3AE661CCF671F0065AFA0 /* ViewController.m */; };
		2FE3AE6A1CCF671F0065AFA0 /* Main.storyboard in Resources */ = {isa = PBXBuildFile; fileRef = 2FE3AE681CCF671F0065AFA0 /* Main.storyboard */; };
		2FE3AE6C1CCF671F0065AFA0 /* Assets.xcassets in Resources */ = {isa = PBXBuildFile; fileRef = 2FE3AE6B1CCF671F0065AFA0 /* Assets.xcassets */; };
		2FE3AE6F1CCF671F0065AFA0 /* LaunchScreen.storyboard in Resources */ = {isa = PBXBuildFile; fileRef = 2FE3AE6D1CCF671F0065AFA0 /* LaunchScreen.storyboard */; };
		2FE3AE7A1CCF671F0065AFA0 /* easemobChatTests.m in Sources */ = {isa = PBXBuildFile; fileRef = 2FE3AE791CCF671F0065AFA0 /* easemobChatTests.m */; };
		2FE3AE851CCF671F0065AFA0 /* easemobChatUITests.m in Sources */ = {isa = PBXBuildFile; fileRef = 2FE3AE841CCF671F0065AFA0 /* easemobChatUITests.m */; };
/* End PBXBuildFile section */

/* Begin PBXContainerItemProxy section */
		2FE3AE761CCF671F0065AFA0 /* PBXContainerItemProxy */ = {
			isa = PBXContainerItemProxy;
			containerPortal = 2FE3AE541CCF671F0065AFA0 /* Project object */;
			proxyType = 1;
			remoteGlobalIDString = 2FE3AE5B1CCF671F0065AFA0;
			remoteInfo = easemobChat;
		};
		2FE3AE811CCF671F0065AFA0 /* PBXContainerItemProxy */ = {
			isa = PBXContainerItemProxy;
			containerPortal = 2FE3AE541CCF671F0065AFA0 /* Project object */;
			proxyType = 1;
			remoteGlobalIDString = 2FE3AE5B1CCF671F0065AFA0;
			remoteInfo = easemobChat;
		};
/* End PBXContainerItemProxy section */

/* Begin PBXFileReference section */
		2FE3AE5C1CCF671F0065AFA0 /* easemobChat.app */ = {isa = PBXFileReference; explicitFileType = wrapper.application; includeInIndex = 0; path = easemobChat.app; sourceTree = BUILT_PRODUCTS_DIR; };
		2FE3AE601CCF671F0065AFA0 /* main.m */ = {isa = PBXFileReference; lastKnownFileType = sourcecode.c.objc; path = main.m; sourceTree = "<group>"; };
		2FE3AE621CCF671F0065AFA0 /* AppDelegate.h */ = {isa = PBXFileReference; lastKnownFileType = sourcecode.c.h; path = AppDelegate.h; sourceTree = "<group>"; };
		2FE3AE631CCF671F0065AFA0 /* AppDelegate.m */ = {isa = PBXFileReference; lastKnownFileType = sourcecode.c.objc; path = AppDelegate.m; sourceTree = "<group>"; };
		2FE3AE651CCF671F0065AFA0 /* ViewController.h */ = {isa = PBXFileReference; lastKnownFileType = sourcecode.c.h; path = ViewController.h; sourceTree = "<group>"; };
		2FE3AE661CCF671F0065AFA0 /* ViewController.m */ = {isa = PBXFileReference; lastKnownFileType = sourcecode.c.objc; path = ViewController.m; sourceTree = "<group>"; };
		2FE3AE691CCF671F0065AFA0 /* Base */ = {isa = PBXFileReference; lastKnownFileType = file.storyboard; name = Base; path = Base.lproj/Main.storyboard; sourceTree = "<group>"; };
		2FE3AE6B1CCF671F0065AFA0 /* Assets.xcassets */ = {isa = PBXFileReference; lastKnownFileType = folder.assetcatalog; path = Assets.xcassets; sourceTree = "<group>"; };
		2FE3AE6E1CCF671F0065AFA0 /* Base */ = {isa = PBXFileReference; lastKnownFileType = file.storyboard; name = Base; path = Base.lproj/LaunchScreen.storyboard; sourceTree = "<group>"; };
		2FE3AE701CCF671F0065AFA0 /* Info.plist */ = {isa = PBXFileReference; lastKnownFileType = text.plist.xml; path = Info.plist; sourceTree = "<group>"; };
		2FE3AE751CCF671F0065AFA0 /* easemobChatTests.xctest */ = {isa = PBXFileReference; explicitFileType = wrapper.cfbundle; includeInIndex = 0; path = easemobChatTests.xctest; sourceTree = BUILT_PRODUCTS_DIR; };
		2FE3AE791CCF671F0065AFA0 /* easemobChatTests.m */ = {isa = PBXFileReference; lastKnownFileType = sourcecode.c.objc; path = easemobChatTests.m; sourceTree = "<group>"; };
		2FE3AE7B1CCF671F0065AFA0 /* Info.plist */ = {isa = PBXFileReference; lastKnownFileType = text.plist.xml; path = Info.plist; sourceTree = "<group>"; };
		2FE3AE801CCF671F0065AFA0 /* easemobChatUITests.xctest */ = {isa = PBXFileReference; explicitFileType = wrapper.cfbundle; includeInIndex = 0; path = easemobChatUITests.xctest; sourceTree = BUILT_PRODUCTS_DIR; };
		2FE3AE841CCF671F0065AFA0 /* easemobChatUITests.m */ = {isa = PBXFileReference; lastKnownFileType = sourcecode.c.objc; path = easemobChatUITests.m; sourceTree = "<group>"; };
		2FE3AE861CCF671F0065AFA0 /* Info.plist */ = {isa = PBXFileReference; lastKnownFileType = text.plist.xml; path = Info.plist; sourceTree = "<group>"; };
/* End PBXFileReference section */

/* Begin PBXFrameworksBuildPhase section */
		2FE3AE591CCF671F0065AFA0 /* Frameworks */ = {
			isa = PBXFrameworksBuildPhase;
			buildActionMask = 2147483647;
			files = (
			);
			runOnlyForDeploymentPostprocessing = 0;
		};
		2FE3AE721CCF671F0065AFA0 /* Frameworks */ = {
			isa = PBXFrameworksBuildPhase;
			buildActionMask = 2147483647;
			files = (
			);
			runOnlyForDeploymentPostprocessing = 0;
		};
		2FE3AE7D1CCF671F0065AFA0 /* Frameworks */ = {
			isa = PBXFrameworksBuildPhase;
			buildActionMask = 2147483647;
			files = (
			);
			runOnlyForDeploymentPostprocessing = 0;
		};
/* End PBXFrameworksBuildPhase section */

/* Begin PBXGroup section */
		2FE3AE531CCF671F0065AFA0 = {
			isa = PBXGroup;
			children = (
				2FE3AE5E1CCF671F0065AFA0 /* easemobChat */,
				2FE3AE781CCF671F0065AFA0 /* easemobChatTests */,
				2FE3AE831CCF671F0065AFA0 /* easemobChatUITests */,
				2FE3AE5D1CCF671F0065AFA0 /* Products */,
			);
			sourceTree = "<group>";
		};
		2FE3AE5D1CCF671F0065AFA0 /* Products */ = {
			isa = PBXGroup;
			children = (
				2FE3AE5C1CCF671F0065AFA0 /* easemobChat.app */,
				2FE3AE751CCF671F0065AFA0 /* easemobChatTests.xctest */,
				2FE3AE801CCF671F0065AFA0 /* easemobChatUITests.xctest */,
			);
			name = Products;
			sourceTree = "<group>";
		};
		2FE3AE5E1CCF671F0065AFA0 /* easemobChat */ = {
			isa = PBXGroup;
			children = (
				2FE3AE621CCF671F0065AFA0 /* AppDelegate.h */,
				2FE3AE631CCF671F0065AFA0 /* AppDelegate.m */,
				2FE3AE651CCF671F0065AFA0 /* ViewController.h */,
				2FE3AE661CCF671F0065AFA0 /* ViewController.m */,
				2FE3AE681CCF671F0065AFA0 /* Main.storyboard */,
				2FE3AE6B1CCF671F0065AFA0 /* Assets.xcassets */,
				2FE3AE6D1CCF671F0065AFA0 /* LaunchScreen.storyboard */,
				2FE3AE701CCF671F0065AFA0 /* Info.plist */,
				2FE3AE5F1CCF671F0065AFA0 /* Supporting Files */,
			);
			path = easemobChat;
			sourceTree = "<group>";
		};
		2FE3AE5F1CCF671F0065AFA0 /* Supporting Files */ = {
			isa = PBXGroup;
			children = (
				2FE3AE601CCF671F0065AFA0 /* main.m */,
			);
			name = "Supporting Files";
			sourceTree = "<group>";
		};
		2FE3AE781CCF671F0065AFA0 /* easemobChatTests */ = {
			isa = PBXGroup;
			children = (
				2FE3AE791CCF671F0065AFA0 /* easemobChatTests.m */,
				2FE3AE7B1CCF671F0065AFA0 /* Info.plist */,
			);
			path = easemobChatTests;
			sourceTree = "<group>";
		};
		2FE3AE831CCF671F0065AFA0 /* easemobChatUITests */ = {
			isa = PBXGroup;
			children = (
				2FE3AE841CCF671F0065AFA0 /* easemobChatUITests.m */,
				2FE3AE861CCF671F0065AFA0 /* Info.plist */,
			);
			path = easemobChatUITests;
			sourceTree = "<group>";
		};
/* End PBXGroup section */

/* Begin PBXNativeTarget section */
		2FE3AE5B1CCF671F0065AFA0 /* easemobChat */ = {
			isa = PBXNativeTarget;
			buildConfigurationList = 2FE3AE891CCF671F0065AFA0 /* Build configuration list for PBXNativeTarget "easemobChat" */;
			buildPhases = (
				2FE3AE581CCF671F0065AFA0 /* Sources */,
				2FE3AE591CCF671F0065AFA0 /* Frameworks */,
				2FE3AE5A1CCF671F0065AFA0 /* Resources */,
			);
			buildRules = (
			);
			dependencies = (
			);
			name = easemobChat;
			productName = easemobChat;
			productReference = 2FE3AE5C1CCF671F0065AFA0 /* easemobChat.app */;
			productType = "com.apple.product-type.application";
		};
		2FE3AE741CCF671F0065AFA0 /* easemobChatTests */ = {
			isa = PBXNativeTarget;
			buildConfigurationList = 2FE3AE8C1CCF671F0065AFA0 /* Build configuration list for PBXNativeTarget "easemobChatTests" */;
			buildPhases = (
				2FE3AE711CCF671F0065AFA0 /* Sources */,
				2FE3AE721CCF671F0065AFA0 /* Frameworks */,
				2FE3AE731CCF671F0065AFA0 /* Resources */,
			);
			buildRules = (
			);
			dependencies = (
				2FE3AE771CCF671F0065AFA0 /* PBXTargetDependency */,
			);
			name = easemobChatTests;
			productName = easemobChatTests;
			productReference = 2FE3AE751CCF671F0065AFA0 /* easemobChatTests.xctest */;
			productType = "com.apple.product-type.bundle.unit-test";
		};
		2FE3AE7F1CCF671F0065AFA0 /* easemobChatUITests */ = {
			isa = PBXNativeTarget;
			buildConfigurationList = 2FE3AE8F1CCF671F0065AFA0 /* Build configuration list for PBXNativeTarget "easemobChatUITests" */;
			buildPhases = (
				2FE3AE7C1CCF671F0065AFA0 /* Sources */,
				2FE3AE7D1CCF671F0065AFA0 /* Frameworks */,
				2FE3AE7E1CCF671F0065AFA0 /* Resources */,
			);
			buildRules = (
			);
			dependencies = (
				2FE3AE821CCF671F0065AFA0 /* PBXTargetDependency */,
			);
			name = easemobChatUITests;
			productName = easemobChatUITests;
			productReference = 2FE3AE801CCF671F0065AFA0 /* easemobChatUITests.xctest */;
			productType = "com.apple.product-type.bundle.ui-testing";
		};
/* End PBXNativeTarget section */

/* Begin PBXProject section */
		2FE3AE541CCF671F0065AFA0 /* Project object */ = {
			isa = PBXProject;
			attributes = {
				LastUpgradeCheck = 0720;
				ORGANIZATIONNAME = FanLang;
				TargetAttributes = {
					2FE3AE5B1CCF671F0065AFA0 = {
						CreatedOnToolsVersion = 7.2;
					};
					2FE3AE741CCF671F0065AFA0 = {
						CreatedOnToolsVersion = 7.2;
						TestTargetID = 2FE3AE5B1CCF671F0065AFA0;
					};
					2FE3AE7F1CCF671F0065AFA0 = {
						CreatedOnToolsVersion = 7.2;
						TestTargetID = 2FE3AE5B1CCF671F0065AFA0;
					};
				};
			};
			buildConfigurationList = 2FE3AE571CCF671F0065AFA0 /* Build configuration list for PBXProject "easemobChat" */;
			compatibilityVersion = "Xcode 3.2";
			developmentRegion = English;
			hasScannedForEncodings = 0;
			knownRegions = (
				en,
				Base,
			);
			mainGroup = 2FE3AE531CCF671F0065AFA0;
			productRefGroup = 2FE3AE5D1CCF671F0065AFA0 /* Products */;
			projectDirPath = "";
			projectRoot = "";
			targets = (
				2FE3AE5B1CCF671F0065AFA0 /* easemobChat */,
				2FE3AE741CCF671F0065AFA0 /* easemobChatTests */,
				2FE3AE7F1CCF671F0065AFA0 /* easemobChatUITests */,
			);
		};
/* End PBXProject section */

/* Begin PBXResourcesBuildPhase section */
		2FE3AE5A1CCF671F0065AFA0 /* Resources */ = {
			isa = PBXResourcesBuildPhase;
			buildActionMask = 2147483647;
			files = (
				2FE3AE6F1CCF671F0065AFA0 /* LaunchScreen.storyboard in Resources */,
				2FE3AE6C1CCF671F0065AFA0 /* Assets.xcassets in Resources */,
				2FE3AE6A1CCF671F0065AFA0 /* Main.storyboard in Resources */,
			);
			runOnlyForDeploymentPostprocessing = 0;
		};
		2FE3AE731CCF671F0065AFA0 /* Resources */ = {
			isa = PBXResourcesBuildPhase;
			buildActionMask = 2147483647;
			files = (
			);
			runOnlyForDeploymentPostprocessing = 0;
		};
		2FE3AE7E1CCF671F0065AFA0 /* Resources */ = {
			isa = PBXResourcesBuildPhase;
			buildActionMask = 2147483647;
			files = (
			);
			runOnlyForDeploymentPostprocessing = 0;
		};
/* End PBXResourcesBuildPhase section */

/* Begin PBXSourcesBuildPhase section */
		2FE3AE581CCF671F0065AFA0 /* Sources */ = {
			isa = PBXSourcesBuildPhase;
			buildActionMask = 2147483647;
			files = (
				2FE3AE671CCF671F0065AFA0 /* ViewController.m in Sources */,
				2FE3AE641CCF671F0065AFA0 /* AppDelegate.m in Sources */,
				2FE3AE611CCF671F0065AFA0 /* main.m in Sources */,
			);
			runOnlyForDeploymentPostprocessing = 0;
		};
		2FE3AE711CCF671F0065AFA0 /* Sources */ = {
			isa = PBXSourcesBuildPhase;
			buildActionMask = 2147483647;
			files = (
				2FE3AE7A1CCF671F0065AFA0 /* easemobChatTests.m in Sources */,
			);
			runOnlyForDeploymentPostprocessing = 0;
		};
		2FE3AE7C1CCF671F0065AFA0 /* Sources */ = {
			isa = PBXSourcesBuildPhase;
			buildActionMask = 2147483647;
			files = (
				2FE3AE851CCF671F0065AFA0 /* easemobChatUITests.m in Sources */,
			);
			runOnlyForDeploymentPostprocessing = 0;
		};
/* End PBXSourcesBuildPhase section */

/* Begin PBXTargetDependency section */
		2FE3AE771CCF671F0065AFA0 /* PBXTargetDependency */ = {
			isa = PBXTargetDependency;
			target = 2FE3AE5B1CCF671F0065AFA0 /* easemobChat */;
			targetProxy = 2FE3AE761CCF671F0065AFA0 /* PBXContainerItemProxy */;
		};
		2FE3AE821CCF671F0065AFA0 /* PBXTargetDependency */ = {
			isa = PBXTargetDependency;
			target = 2FE3AE5B1CCF671F0065AFA0 /* easemobChat */;
			targetProxy = 2FE3AE811CCF671F0065AFA0 /* PBXContainerItemProxy */;
		};
/* End PBXTargetDependency section */

/* Begin PBXVariantGroup section */
		2FE3AE681CCF671F0065AFA0 /* Main.storyboard */ = {
			isa = PBXVariantGroup;
			children = (
				2FE3AE691CCF671F0065AFA0 /* Base */,
			);
			name = Main.storyboard;
			sourceTree = "<group>";
		};
		2FE3AE6D1CCF671F0065AFA0 /* LaunchScreen.storyboard */ = {
			isa = PBXVariantGroup;
			children = (
				2FE3AE6E1CCF671F0065AFA0 /* Base */,
			);
			name = LaunchScreen.storyboard;
			sourceTree = "<group>";
		};
/* End PBXVariantGroup section */

/* Begin XCBuildConfiguration section */
		2FE3AE871CCF671F0065AFA0 /* Debug */ = {
			isa = XCBuildConfiguration;
			buildSettings = {
				ALWAYS_SEARCH_USER_PATHS = NO;
				CLANG_CXX_LANGUAGE_STANDARD = "gnu++0x";
				CLANG_CXX_LIBRARY = "libc++";
				CLANG_ENABLE_MODULES = YES;
				CLANG_ENABLE_OBJC_ARC = YES;
				CLANG_WARN_BOOL_CONVERSION = YES;
				CLANG_WARN_CONSTANT_CONVERSION = YES;
				CLANG_WARN_DIRECT_OBJC_ISA_USAGE = YES_ERROR;
				CLANG_WARN_EMPTY_BODY = YES;
				CLANG_WARN_ENUM_CONVERSION = YES;
				CLANG_WARN_INT_CONVERSION = YES;
				CLANG_WARN_OBJC_ROOT_CLASS = YES_ERROR;
				CLANG_WARN_UNREACHABLE_CODE = YES;
				CLANG_WARN__DUPLICATE_METHOD_MATCH = YES;
				"CODE_SIGN_IDENTITY[sdk=iphoneos*]" = "iPhone Developer";
				COPY_PHASE_STRIP = NO;
				DEBUG_INFORMATION_FORMAT = dwarf;
				ENABLE_STRICT_OBJC_MSGSEND = YES;
				ENABLE_TESTABILITY = YES;
				GCC_C_LANGUAGE_STANDARD = gnu99;
				GCC_DYNAMIC_NO_PIC = NO;
				GCC_NO_COMMON_BLOCKS = YES;
				GCC_OPTIMIZATION_LEVEL = 0;
				GCC_PREPROCESSOR_DEFINITIONS = (
					"DEBUG=1",
					"$(inherited)",
				);
				GCC_WARN_64_TO_32_BIT_CONVERSION = YES;
				GCC_WARN_ABOUT_RETURN_TYPE = YES_ERROR;
				GCC_WARN_UNDECLARED_SELECTOR = YES;
				GCC_WARN_UNINITIALIZED_AUTOS = YES_AGGRESSIVE;
				GCC_WARN_UNUSED_FUNCTION = YES;
				GCC_WARN_UNUSED_VARIABLE = YES;
				IPHONEOS_DEPLOYMENT_TARGET = 9.2;
				MTL_ENABLE_DEBUG_INFO = YES;
				ONLY_ACTIVE_ARCH = YES;
				SDKROOT = iphoneos;
			};
			name = Debug;
		};
		2FE3AE881CCF671F0065AFA0 /* Release */ = {
			isa = XCBuildConfiguration;
			buildSettings = {
				ALWAYS_SEARCH_USER_PATHS = NO;
				CLANG_CXX_LANGUAGE_STANDARD = "gnu++0x";
				CLANG_CXX_LIBRARY = "libc++";
				CLANG_ENABLE_MODULES = YES;
				CLANG_ENABLE_OBJC_ARC = YES;
				CLANG_WARN_BOOL_CONVERSION = YES;
				CLANG_WARN_CONSTANT_CONVERSION = YES;
				CLANG_WARN_DIRECT_OBJC_ISA_USAGE = YES_ERROR;
				CLANG_WARN_EMPTY_BODY = YES;
				CLANG_WARN_ENUM_CONVERSION = YES;
				CLANG_WARN_INT_CONVERSION = YES;
				CLANG_WARN_OBJC_ROOT_CLASS = YES_ERROR;
				CLANG_WARN_UNREACHABLE_CODE = YES;
				CLANG_WARN__DUPLICATE_METHOD_MATCH = YES;
				"CODE_SIGN_IDENTITY[sdk=iphoneos*]" = "iPhone Developer";
				COPY_PHASE_STRIP = NO;
				DEBUG_INFORMATION_FORMAT = "dwarf-with-dsym";
				ENABLE_NS_ASSERTIONS = NO;
				ENABLE_STRICT_OBJC_MSGSEND = YES;
				GCC_C_LANGUAGE_STANDARD = gnu99;
				GCC_NO_COMMON_BLOCKS = YES;
				GCC_WARN_64_TO_32_BIT_CONVERSION = YES;
				GCC_WARN_ABOUT_RETURN_TYPE = YES_ERROR;
				GCC_WARN_UNDECLARED_SELECTOR = YES;
				GCC_WARN_UNINITIALIZED_AUTOS = YES_AGGRESSIVE;
				GCC_WARN_UNUSED_FUNCTION = YES;
				GCC_WARN_UNUSED_VARIABLE = YES;
				IPHONEOS_DEPLOYMENT_TARGET = 9.2;
				MTL_ENABLE_DEBUG_INFO = NO;
				SDKROOT = iphoneos;
				VALIDATE_PRODUCT = YES;
			};
			name = Release;
		};
		2FE3AE8A1CCF671F0065AFA0 /* Debug */ = {
			isa = XCBuildConfiguration;
			buildSettings = {
				ASSETCATALOG_COMPILER_APPICON_NAME = AppIcon;
				INFOPLIST_FILE = easemobChat/Info.plist;
				LD_RUNPATH_SEARCH_PATHS = "$(inherited) @executable_path/Frameworks";
				PRODUCT_BUNDLE_IDENTIFIER = com.fanlang.easemobChat;
				PRODUCT_NAME = "$(TARGET_NAME)";
			};
			name = Debug;
		};
		2FE3AE8B1CCF671F0065AFA0 /* Release */ = {
			isa = XCBuildConfiguration;
			buildSettings = {
				ASSETCATALOG_COMPILER_APPICON_NAME = AppIcon;
				INFOPLIST_FILE = easemobChat/Info.plist;
				LD_RUNPATH_SEARCH_PATHS = "$(inherited) @executable_path/Frameworks";
				PRODUCT_BUNDLE_IDENTIFIER = com.fanlang.easemobChat;
				PRODUCT_NAME = "$(TARGET_NAME)";
			};
			name = Release;
		};
		2FE3AE8D1CCF671F0065AFA0 /* Debug */ = {
			isa = XCBuildConfiguration;
			buildSettings = {
				BUNDLE_LOADER = "$(TEST_HOST)";
				INFOPLIST_FILE = easemobChatTests/Info.plist;
				LD_RUNPATH_SEARCH_PATHS = "$(inherited) @executable_path/Frameworks @loader_path/Frameworks";
				PRODUCT_BUNDLE_IDENTIFIER = com.fanlang.easemobChatTests;
				PRODUCT_NAME = "$(TARGET_NAME)";
				TEST_HOST = "$(BUILT_PRODUCTS_DIR)/easemobChat.app/easemobChat";
			};
			name = Debug;
		};
		2FE3AE8E1CCF671F0065AFA0 /* Release */ = {
			isa = XCBuildConfiguration;
			buildSettings = {
				BUNDLE_LOADER = "$(TEST_HOST)";
				INFOPLIST_FILE = easemobChatTests/Info.plist;
				LD_RUNPATH_SEARCH_PATHS = "$(inherited) @executable_path/Frameworks @loader_path/Frameworks";
				PRODUCT_BUNDLE_IDENTIFIER = com.fanlang.easemobChatTests;
				PRODUCT_NAME = "$(TARGET_NAME)";
				TEST_HOST = "$(BUILT_PRODUCTS_DIR)/easemobChat.app/easemobChat";
			};
			name = Release;
		};
		2FE3AE901CCF671F0065AFA0 /* Debug */ = {
			isa = XCBuildConfiguration;
			buildSettings = {
				INFOPLIST_FILE = easemobChatUITests/Info.plist;
				LD_RUNPATH_SEARCH_PATHS = "$(inherited) @executable_path/Frameworks @loader_path/Frameworks";
				PRODUCT_BUNDLE_IDENTIFIER = com.fanlang.easemobChatUITests;
				PRODUCT_NAME = "$(TARGET_NAME)";
				TEST_TARGET_NAME = easemobChat;
				USES_XCTRUNNER = YES;
			};
			name = Debug;
		};
		2FE3AE911CCF671F0065AFA0 /* Release */ = {
			isa = XCBuildConfiguration;
			buildSettings = {
				INFOPLIST_FILE = easemobChatUITests/Info.plist;
				LD_RUNPATH_SEARCH_PATHS = "$(inherited) @executable_path/Frameworks @loader_path/Frameworks";
				PRODUCT_BUNDLE_IDENTIFIER = com.fanlang.easemobChatUITests;
				PRODUCT_NAME = "$(TARGET_NAME)";
				TEST_TARGET_NAME = easemobChat;
				USES_XCTRUNNER = YES;
			};
			name = Release;
		};
/* End XCBuildConfiguration section */

/* Begin XCConfigurationList section */
		2FE3AE571CCF671F0065AFA0 /* Build configuration list for PBXProject "easemobChat" */ = {
			isa = XCConfigurationList;
			buildConfigurations = (
				2FE3AE871CCF671F0065AFA0 /* Debug */,
				2FE3AE881CCF671F0065AFA0 /* Release */,
			);
			defaultConfigurationIsVisible = 0;
			defaultConfigurationName = Release;
		};
		2FE3AE891CCF671F0065AFA0 /* Build configuration list for PBXNativeTarget "easemobChat" */ = {
			isa = XCConfigurationList;
			buildConfigurations = (
				2FE3AE8A1CCF671F0065AFA0 /* Debug */,
				2FE3AE8B1CCF671F0065AFA0 /* Release */,
			);
			defaultConfigurationIsVisible = 0;
		};
		2FE3AE8C1CCF671F0065AFA0 /* Build configuration list for PBXNativeTarget "easemobChatTests" */ = {
			isa = XCConfigurationList;
			buildConfigurations = (
				2FE3AE8D1CCF671F0065AFA0 /* Debug */,
				2FE3AE8E1CCF671F0065AFA0 /* Release */,
			);
			defaultConfigurationIsVisible = 0;
		};
		2FE3AE8F1CCF671F0065AFA0 /* Build configuration list for PBXNativeTarget "easemobChatUITests" */ = {
			isa = XCConfigurationList;
			buildConfigurations = (
				2FE3AE901CCF671F0065AFA0 /* Debug */,
				2FE3AE911CCF671F0065AFA0 /* Release */,
			);
			defaultConfigurationIsVisible = 0;
		};
/* End XCConfigurationList section */
	};
	rootObject = 2FE3AE541CCF671F0065AFA0 /* Project object */;
}
